
Microsoft Visual Studio Solution File, Format Version 12.00
# Visual Studio Version 16
VisualStudioVersion = 16.0.30204.135
MinimumVisualStudioVersion = 10.0.40219.1
Project("{9A19103F-16F7-4668-BE54-9A1E7A4F7556}") = "AzureMaps", "AzureMaps.csproj", "{5396AABF-B353-4ABC-8705-E92CCAA5ED6F}"
EndProject
Global
	GlobalSection(SolutionConfigurationPlatforms) = preSolution
		Debug|Any CPU = Debug|Any CPU
		Release|Any CPU = Release|Any CPU
	EndGlobalSection
	GlobalSection(ProjectConfigurationPlatforms) = postSolution
		{5396AABF-B353-4ABC-8705-E92CCAA5ED6F}.Debug|Any CPU.ActiveCfg = Debug|Any CPU
		{5396AABF-B353-4ABC-8705-E92CCAA5ED6F}.Debug|Any CPU.Build.0 = Debug|Any CPU
		{5396AABF-B353-4ABC-8705-E92CCAA5ED6F}.Release|Any CPU.ActiveCfg = Release|Any CPU
		{5396AABF-B353-4ABC-8705-E92CCAA5ED6F}.Release|Any CPU.Build.0 = Release|Any CPU
	EndGlobalSection
	GlobalSection(SolutionProperties) = preSolution
		HideSolutionNode = FALSE
	EndGlobalSection
	GlobalSection(ExtensibilityGlobals) = postSolution
		SolutionGuid = {EF993D69-2FBD-42EC-888F-0C9808814B75}
	EndGlobalSection
EndGlobal
